
Microsoft Visual Studio Solution File, Format Version 12.00
# Visual Studio Version 17
VisualStudioVersion = 17.5.33530.505
MinimumVisualStudioVersion = 10.0.40219.1
Project("{FAE04EC0-301F-11D3-BF4B-00C04F79EFBC}") = "ReviewAPI", "ReviewAPI\ReviewAPI.csproj", "{F4873990-3A60-4400-8FFE-3B9D742CD2C0}"
EndProject
Global
	GlobalSection(SolutionConfigurationPlatforms) = preSolution
		Debug|Any CPU = Debug|Any CPU
		Release|Any CPU = Release|Any CPU
	EndGlobalSection
	GlobalSection(ProjectConfigurationPlatforms) = postSolution
		{F4873990-3A60-4400-8FFE-3B9D742CD2C0}.Debug|Any CPU.ActiveCfg = Debug|Any CPU
		{F4873990-3A60-4400-8FFE-3B9D742CD2C0}.Debug|Any CPU.Build.0 = Debug|Any CPU
		{F4873990-3A60-4400-8FFE-3B9D742CD2C0}.Release|Any CPU.ActiveCfg = Release|Any CPU
		{F4873990-3A60-4400-8FFE-3B9D742CD2C0}.Release|Any CPU.Build.0 = Release|Any CPU
	EndGlobalSection
	GlobalSection(SolutionProperties) = preSolution
		HideSolutionNode = FALSE
	EndGlobalSection
	GlobalSection(ExtensibilityGlobals) = postSolution
		SolutionGuid = {41EF8698-518F-4524-AEC0-5F2800C8D08E}
	EndGlobalSection
EndGlobal
